
Microsoft Visual Studio Solution File, Format Version 12.00
# Visual Studio Version 17
VisualStudioVersion = 17.1.32407.343
MinimumVisualStudioVersion = 10.0.40219.1
Project("{FAE04EC0-301F-11D3-BF4B-00C04F79EFBC}") = "lb2", "lb2.csproj", "{BC79498B-0334-4BA8-98B7-202A999C87AD}"
EndProject
Global
	GlobalSection(SolutionConfigurationPlatforms) = preSolution
		Debug|Any CPU = Debug|Any CPU
		Release|Any CPU = Release|Any CPU
	EndGlobalSection
	GlobalSection(ProjectConfigurationPlatforms) = postSolution
		{BC79498B-0334-4BA8-98B7-202A999C87AD}.Debug|Any CPU.ActiveCfg = Debug|Any CPU
		{BC79498B-0334-4BA8-98B7-202A999C87AD}.Debug|Any CPU.Build.0 = Debug|Any CPU
		{BC79498B-0334-4BA8-98B7-202A999C87AD}.Release|Any CPU.ActiveCfg = Release|Any CPU
		{BC79498B-0334-4BA8-98B7-202A999C87AD}.Release|Any CPU.Build.0 = Release|Any CPU
	EndGlobalSection
	GlobalSection(SolutionProperties) = preSolution
		HideSolutionNode = FALSE
	EndGlobalSection
	GlobalSection(ExtensibilityGlobals) = postSolution
		SolutionGuid = {FBCD0ED4-F582-45C9-A108-F0096936094C}
	EndGlobalSection
EndGlobal
